
Microsoft Visual Studio Solution File, Format Version 12.00
# Visual Studio 15
VisualStudioVersion = 15.0.28307.779
MinimumVisualStudioVersion = 10.0.40219.1
Project("{FAE04EC0-301F-11D3-BF4B-00C04F79EFBC}") = "UI", "UI.csproj", "{D2B97688-B845-4230-8126-18901ACD7A00}"
EndProject
Project("{FAE04EC0-301F-11D3-BF4B-00C04F79EFBC}") = "DomainLayer", "DomainLayer\DomainLayer.csproj", "{9BF59132-E389-4A7F-880F-DD82E929081B}"
EndProject
Project("{FAE04EC0-301F-11D3-BF4B-00C04F79EFBC}") = "Presentation", "Presentation\Presentation.csproj", "{06914932-B47C-4D4E-9279-49DF3EF3767D}"
EndProject
Global
	GlobalSection(SolutionConfigurationPlatforms) = preSolution
		Debug|Any CPU = Debug|Any CPU
		Release|Any CPU = Release|Any CPU
	EndGlobalSection
	GlobalSection(ProjectConfigurationPlatforms) = postSolution
		{D2B97688-B845-4230-8126-18901ACD7A00}.Debug|Any CPU.ActiveCfg = Debug|Any CPU
		{D2B97688-B845-4230-8126-18901ACD7A00}.Debug|Any CPU.Build.0 = Debug|Any CPU
		{D2B97688-B845-4230-8126-18901ACD7A00}.Release|Any CPU.ActiveCfg = Release|Any CPU
		{D2B97688-B845-4230-8126-18901ACD7A00}.Release|Any CPU.Build.0 = Release|Any CPU
		{9BF59132-E389-4A7F-880F-DD82E929081B}.Debug|Any CPU.ActiveCfg = Debug|Any CPU
		{9BF59132-E389-4A7F-880F-DD82E929081B}.Debug|Any CPU.Build.0 = Debug|Any CPU
		{9BF59132-E389-4A7F-880F-DD82E929081B}.Release|Any CPU.ActiveCfg = Release|Any CPU
		{9BF59132-E389-4A7F-880F-DD82E929081B}.Release|Any CPU.Build.0 = Release|Any CPU
		{06914932-B47C-4D4E-9279-49DF3EF3767D}.Debug|Any CPU.ActiveCfg = Debug|Any CPU
		{06914932-B47C-4D4E-9279-49DF3EF3767D}.Debug|Any CPU.Build.0 = Debug|Any CPU
		{06914932-B47C-4D4E-9279-49DF3EF3767D}.Release|Any CPU.ActiveCfg = Release|Any CPU
		{06914932-B47C-4D4E-9279-49DF3EF3767D}.Release|Any CPU.Build.0 = Release|Any CPU
	EndGlobalSection
	GlobalSection(SolutionProperties) = preSolution
		HideSolutionNode = FALSE
	EndGlobalSection
	GlobalSection(ExtensibilityGlobals) = postSolution
		SolutionGuid = {939229B9-9C64-4D70-A276-9AAE78C881B5}
	EndGlobalSection
EndGlobal
